
Microsoft Visual Studio Solution File, Format Version 12.00
# Visual Studio 15
Project("{FAE04EC0-301F-11D3-BF4B-00C04F79EFBC}") = "Lab8_Console_last", "Lab8_Console_last\Lab8_Console_last.csproj", "{D7AA000B-41E4-4C29-A1BF-E9513849CF6E}"
EndProject
Global
	GlobalSection(SolutionConfigurationPlatforms) = preSolution
		Debug|x86 = Debug|x86
		Release|x86 = Release|x86
	EndGlobalSection
	GlobalSection(ProjectConfigurationPlatforms) = postSolution
		{D7AA000B-41E4-4C29-A1BF-E9513849CF6E}.Debug|x86.ActiveCfg = Debug|x86
		{D7AA000B-41E4-4C29-A1BF-E9513849CF6E}.Debug|x86.Build.0 = Debug|x86
		{D7AA000B-41E4-4C29-A1BF-E9513849CF6E}.Release|x86.ActiveCfg = Release|x86
		{D7AA000B-41E4-4C29-A1BF-E9513849CF6E}.Release|x86.Build.0 = Release|x86
	EndGlobalSection
EndGlobal
