// !$*UTF8*$!
{
	archiveVersion = 1;
	classes = {
	};
	objectVersion = 46;
	objects = {

/* Begin PBXBuildFile section */
		A4CC6E421FCF4C2A00C37A66 /* main.c in Sources */ = {isa = PBXBuildFile; fileRef = A4CC6E411FCF4C2A00C37A66 /* main.c */; };
/* End PBXBuildFile section */

/* Begin PBXCopyFilesBuildPhase section */
		A4CC6E3C1FCF4C2A00C37A66 /* CopyFiles */ = {
			isa = PBXCopyFilesBuildPhase;
			buildActionMask = 2147483647;
			dstPath = /usr/share/man/man1/;
			dstSubfolderSpec = 0;
			files = (
			);
			runOnlyForDeploymentPostprocessing = 1;
		};
/* End PBXCopyFilesBuildPhase section */

/* Begin PBXFileReference section */
		A4CC6E3E1FCF4C2A00C37A66 /* Functions_non-ammount */ = {isa = PBXFileReference; explicitFileType = "compiled.mach-o.executable"; includeInIndex = 0; path = "Functions_non-ammount"; sourceTree = BUILT_PRODUCTS_DIR; };
		A4CC6E411FCF4C2A00C37A66 /* main.c */ = {isa = PBXFileReference; lastKnownFileType = sourcecode.c.c; path = main.c; sourceTree = "<group>"; };
/* End PBXFileReference section */

/* Begin PBXFrameworksBuildPhase section */
		A4CC6E3B1FCF4C2A00C37A66 /* Frameworks */ = {
			isa = PBXFrameworksBuildPhase;
			buildActionMask = 2147483647;
			files = (
			);
			runOnlyForDeploymentPostprocessing = 0;
		};
/* End PBXFrameworksBuildPhase section */

/* Begin PBXGroup section */
		A4CC6E351FCF4C2A00C37A66 = {
			isa = PBXGroup;
			children = (
				A4CC6E401FCF4C2A00C37A66 /* Functions_non-ammount */,
				A4CC6E3F1FCF4C2A00C37A66 /* Products */,
			);
			sourceTree = "<group>";
		};
		A4CC6E3F1FCF4C2A00C37A66 /* Products */ = {
			isa = PBXGroup;
			children = (
				A4CC6E3E1FCF4C2A00C37A66 /* Functions_non-ammount */,
			);
			name = Products;
			sourceTree = "<group>";
		};
		A4CC6E401FCF4C2A00C37A66 /* Functions_non-ammount */ = {
			isa = PBXGroup;
			children = (
				A4CC6E411FCF4C2A00C37A66 /* main.c */,
			);
			path = "Functions_non-ammount";
			sourceTree = "<group>";
		};
/* End PBXGroup section */

/* Begin PBXNativeTarget section */
		A4CC6E3D1FCF4C2A00C37A66 /* Functions_non-ammount */ = {
			isa = PBXNativeTarget;
			buildConfigurationList = A4CC6E451FCF4C2A00C37A66 /* Build configuration list for PBXNativeTarget "Functions_non-ammount" */;
			buildPhases = (
				A4CC6E3A1FCF4C2A00C37A66 /* Sources */,
				A4CC6E3B1FCF4C2A00C37A66 /* Frameworks */,
				A4CC6E3C1FCF4C2A00C37A66 /* CopyFiles */,
			);
			buildRules = (
			);
			dependencies = (
			);
			name = "Functions_non-ammount";
			productName = "Functions_non-ammount";
			productReference = A4CC6E3E1FCF4C2A00C37A66 /* Functions_non-ammount */;
			productType = "com.apple.product-type.tool";
		};
/* End PBXNativeTarget section */

/* Begin PBXProject section */
		A4CC6E361FCF4C2A00C37A66 /* Project object */ = {
			isa = PBXProject;
			attributes = {
				LastUpgradeCheck = 0830;
				ORGANIZATIONNAME = "Popoff Developer Studio";
				TargetAttributes = {
					A4CC6E3D1FCF4C2A00C37A66 = {
						CreatedOnToolsVersion = 8.3.3;
						ProvisioningStyle = Automatic;
					};
				};
			};
			buildConfigurationList = A4CC6E391FCF4C2A00C37A66 /* Build configuration list for PBXProject "Functions_non-ammount" */;
			compatibilityVersion = "Xcode 3.2";
			developmentRegion = English;
			hasScannedForEncodings = 0;
			knownRegions = (
				en,
			);
			mainGroup = A4CC6E351FCF4C2A00C37A66;
			productRefGroup = A4CC6E3F1FCF4C2A00C37A66 /* Products */;
			projectDirPath = "";
			projectRoot = "";
			targets = (
				A4CC6E3D1FCF4C2A00C37A66 /* Functions_non-ammount */,
			);
		};
/* End PBXProject section */

/* Begin PBXSourcesBuildPhase section */
		A4CC6E3A1FCF4C2A00C37A66 /* Sources */ = {
			isa = PBXSourcesBuildPhase;
			buildActionMask = 2147483647;
			files = (
				A4CC6E421FCF4C2A00C37A66 /* main.c in Sources */,
			);
			runOnlyForDeploymentPostprocessing = 0;
		};
/* End PBXSourcesBuildPhase section */

/* Begin XCBuildConfiguration section */
		A4CC6E431FCF4C2A00C37A66 /* Debug */ = {
			isa = XCBuildConfiguration;
			buildSettings = {
				ALWAYS_SEARCH_USER_PATHS = NO;
				CLANG_ANALYZER_NONNULL = YES;
				CLANG_ANALYZER_NUMBER_OBJECT_CONVERSION = YES_AGGRESSIVE;
				CLANG_CXX_LANGUAGE_STANDARD = "gnu++0x";
				CLANG_CXX_LIBRARY = "libc++";
				CLANG_ENABLE_MODULES = YES;
				CLANG_ENABLE_OBJC_ARC = YES;
				CLANG_WARN_BOOL_CONVERSION = YES;
				CLANG_WARN_CONSTANT_CONVERSION = YES;
				CLANG_WARN_DIRECT_OBJC_ISA_USAGE = YES_ERROR;
				CLANG_WARN_DOCUMENTATION_COMMENTS = YES;
				CLANG_WARN_EMPTY_BODY = YES;
				CLANG_WARN_ENUM_CONVERSION = YES;
				CLANG_WARN_INFINITE_RECURSION = YES;
				CLANG_WARN_INT_CONVERSION = YES;
				CLANG_WARN_OBJC_ROOT_CLASS = YES_ERROR;
				CLANG_WARN_SUSPICIOUS_MOVE = YES;
				CLANG_WARN_UNREACHABLE_CODE = YES;
				CLANG_WARN__DUPLICATE_METHOD_MATCH = YES;
				CODE_SIGN_IDENTITY = "-";
				COPY_PHASE_STRIP = NO;
				DEBUG_INFORMATION_FORMAT = dwarf;
				ENABLE_STRICT_OBJC_MSGSEND = YES;
				ENABLE_TESTABILITY = YES;
				GCC_C_LANGUAGE_STANDARD = gnu99;
				GCC_DYNAMIC_NO_PIC = NO;
				GCC_NO_COMMON_BLOCKS = YES;
				GCC_OPTIMIZATION_LEVEL = 0;
				GCC_PREPROCESSOR_DEFINITIONS = (
					"DEBUG=1",
					"$(inherited)",
				);
				GCC_WARN_64_TO_32_BIT_CONVERSION = YES;
				GCC_WARN_ABOUT_RETURN_TYPE = YES_ERROR;
				GCC_WARN_UNDECLARED_SELECTOR = YES;
				GCC_WARN_UNINITIALIZED_AUTOS = YES_AGGRESSIVE;
				GCC_WARN_UNUSED_FUNCTION = YES;
				GCC_WARN_UNUSED_VARIABLE = YES;
				MACOSX_DEPLOYMENT_TARGET = 10.12;
				MTL_ENABLE_DEBUG_INFO = YES;
				ONLY_ACTIVE_ARCH = YES;
				SDKROOT = macosx;
			};
			name = Debug;
		};
		A4CC6E441FCF4C2A00C37A66 /* Release */ = {
			isa = XCBuildConfiguration;
			buildSettings = {
				ALWAYS_SEARCH_USER_PATHS = NO;
				CLANG_ANALYZER_NONNULL = YES;
				CLANG_ANALYZER_NUMBER_OBJECT_CONVERSION = YES_AGGRESSIVE;
				CLANG_CXX_LANGUAGE_STANDARD = "gnu++0x";
				CLANG_CXX_LIBRARY = "libc++";
				CLANG_ENABLE_MODULES = YES;
				CLANG_ENABLE_OBJC_ARC = YES;
				CLANG_WARN_BOOL_CONVERSION = YES;
				CLANG_WARN_CONSTANT_CONVERSION = YES;
				CLANG_WARN_DIRECT_OBJC_ISA_USAGE = YES_ERROR;
				CLANG_WARN_DOCUMENTATION_COMMENTS = YES;
				CLANG_WARN_EMPTY_BODY = YES;
				CLANG_WARN_ENUM_CONVERSION = YES;
				CLANG_WARN_INFINITE_RECURSION = YES;
				CLANG_WARN_INT_CONVERSION = YES;
				CLANG_WARN_OBJC_ROOT_CLASS = YES_ERROR;
				CLANG_WARN_SUSPICIOUS_MOVE = YES;
				CLANG_WARN_UNREACHABLE_CODE = YES;
				CLANG_WARN__DUPLICATE_METHOD_MATCH = YES;
				CODE_SIGN_IDENTITY = "-";
				COPY_PHASE_STRIP = NO;
				DEBUG_INFORMATION_FORMAT = "dwarf-with-dsym";
				ENABLE_NS_ASSERTIONS = NO;
				ENABLE_STRICT_OBJC_MSGSEND = YES;
				GCC_C_LANGUAGE_STANDARD = gnu99;
				GCC_NO_COMMON_BLOCKS = YES;
				GCC_WARN_64_TO_32_BIT_CONVERSION = YES;
				GCC_WARN_ABOUT_RETURN_TYPE = YES_ERROR;
				GCC_WARN_UNDECLARED_SELECTOR = YES;
				GCC_WARN_UNINITIALIZED_AUTOS = YES_AGGRESSIVE;
				GCC_WARN_UNUSED_FUNCTION = YES;
				GCC_WARN_UNUSED_VARIABLE = YES;
				MACOSX_DEPLOYMENT_TARGET = 10.12;
				MTL_ENABLE_DEBUG_INFO = NO;
				SDKROOT = macosx;
			};
			name = Release;
		};
		A4CC6E461FCF4C2A00C37A66 /* Debug */ = {
			isa = XCBuildConfiguration;
			buildSettings = {
				PRODUCT_NAME = "$(TARGET_NAME)";
			};
			name = Debug;
		};
		A4CC6E471FCF4C2A00C37A66 /* Release */ = {
			isa = XCBuildConfiguration;
			buildSettings = {
				PRODUCT_NAME = "$(TARGET_NAME)";
			};
			name = Release;
		};
/* End XCBuildConfiguration section */

/* Begin XCConfigurationList section */
		A4CC6E391FCF4C2A00C37A66 /* Build configuration list for PBXProject "Functions_non-ammount" */ = {
			isa = XCConfigurationList;
			buildConfigurations = (
				A4CC6E431FCF4C2A00C37A66 /* Debug */,
				A4CC6E441FCF4C2A00C37A66 /* Release */,
			);
			defaultConfigurationIsVisible = 0;
			defaultConfigurationName = Release;
		};
		A4CC6E451FCF4C2A00C37A66 /* Build configuration list for PBXNativeTarget "Functions_non-ammount" */ = {
			isa = XCConfigurationList;
			buildConfigurations = (
				A4CC6E461FCF4C2A00C37A66 /* Debug */,
				A4CC6E471FCF4C2A00C37A66 /* Release */,
			);
			defaultConfigurationIsVisible = 0;
		};
/* End XCConfigurationList section */
	};
	rootObject = A4CC6E361FCF4C2A00C37A66 /* Project object */;
}
