// !$*UTF8*$!
{
	archiveVersion = 1;
	classes = {
	};
	objectVersion = 48;
	objects = {

/* Begin PBXBuildFile section */
		D9FA7153225CD62F007A43AB /* Alex_s_Screen_saverView.h in Headers */ = {isa = PBXBuildFile; fileRef = D9FA7152225CD62F007A43AB /* Alex_s_Screen_saverView.h */; };
		D9FA7155225CD62F007A43AB /* Alex_s_Screen_saverView.m in Sources */ = {isa = PBXBuildFile; fileRef = D9FA7154225CD62F007A43AB /* Alex_s_Screen_saverView.m */; };
/* End PBXBuildFile section */

/* Begin PBXFileReference section */
		D9FA714F225CD62F007A43AB /* Alex's_Screen_saver.saver */ = {isa = PBXFileReference; explicitFileType = wrapper.cfbundle; includeInIndex = 0; path = "Alex's_Screen_saver.saver"; sourceTree = BUILT_PRODUCTS_DIR; };
		D9FA7152225CD62F007A43AB /* Alex_s_Screen_saverView.h */ = {isa = PBXFileReference; lastKnownFileType = sourcecode.c.h; path = Alex_s_Screen_saverView.h; sourceTree = "<group>"; };
		D9FA7154225CD62F007A43AB /* Alex_s_Screen_saverView.m */ = {isa = PBXFileReference; lastKnownFileType = sourcecode.c.objc; path = Alex_s_Screen_saverView.m; sourceTree = "<group>"; };
		D9FA7156225CD62F007A43AB /* Info.plist */ = {isa = PBXFileReference; lastKnownFileType = text.plist.xml; path = Info.plist; sourceTree = "<group>"; };
/* End PBXFileReference section */

/* Begin PBXFrameworksBuildPhase section */
		D9FA714B225CD62F007A43AB /* Frameworks */ = {
			isa = PBXFrameworksBuildPhase;
			buildActionMask = 2147483647;
			files = (
			);
			runOnlyForDeploymentPostprocessing = 0;
		};
/* End PBXFrameworksBuildPhase section */

/* Begin PBXGroup section */
		D9FA7145225CD62F007A43AB = {
			isa = PBXGroup;
			children = (
				D9FA7151225CD62F007A43AB /* Alex's_Screen_saver */,
				D9FA7150225CD62F007A43AB /* Products */,
			);
			sourceTree = "<group>";
		};
		D9FA7150225CD62F007A43AB /* Products */ = {
			isa = PBXGroup;
			children = (
				D9FA714F225CD62F007A43AB /* Alex's_Screen_saver.saver */,
			);
			name = Products;
			sourceTree = "<group>";
		};
		D9FA7151225CD62F007A43AB /* Alex's_Screen_saver */ = {
			isa = PBXGroup;
			children = (
				D9FA7152225CD62F007A43AB /* Alex_s_Screen_saverView.h */,
				D9FA7154225CD62F007A43AB /* Alex_s_Screen_saverView.m */,
				D9FA7156225CD62F007A43AB /* Info.plist */,
			);
			path = "Alex's_Screen_saver";
			sourceTree = "<group>";
		};
/* End PBXGroup section */

/* Begin PBXHeadersBuildPhase section */
		D9FA714C225CD62F007A43AB /* Headers */ = {
			isa = PBXHeadersBuildPhase;
			buildActionMask = 2147483647;
			files = (
				D9FA7153225CD62F007A43AB /* Alex_s_Screen_saverView.h in Headers */,
			);
			runOnlyForDeploymentPostprocessing = 0;
		};
/* End PBXHeadersBuildPhase section */

/* Begin PBXNativeTarget section */
		D9FA714E225CD62F007A43AB /* Alex's_Screen_saver */ = {
			isa = PBXNativeTarget;
			buildConfigurationList = D9FA7159225CD62F007A43AB /* Build configuration list for PBXNativeTarget "Alex's_Screen_saver" */;
			buildPhases = (
				D9FA714A225CD62F007A43AB /* Sources */,
				D9FA714B225CD62F007A43AB /* Frameworks */,
				D9FA714C225CD62F007A43AB /* Headers */,
				D9FA714D225CD62F007A43AB /* Resources */,
			);
			buildRules = (
			);
			dependencies = (
			);
			name = "Alex's_Screen_saver";
			productName = "Alex's_Screen_saver";
			productReference = D9FA714F225CD62F007A43AB /* Alex's_Screen_saver.saver */;
			productType = "com.apple.product-type.bundle";
		};
/* End PBXNativeTarget section */

/* Begin PBXProject section */
		D9FA7146225CD62F007A43AB /* Project object */ = {
			isa = PBXProject;
			attributes = {
				LastUpgradeCheck = 0920;
				ORGANIZATIONNAME = "Popoff Developer Studio";
				TargetAttributes = {
					D9FA714E225CD62F007A43AB = {
						CreatedOnToolsVersion = 9.2;
						ProvisioningStyle = Automatic;
					};
				};
			};
			buildConfigurationList = D9FA7149225CD62F007A43AB /* Build configuration list for PBXProject "Alex's_Screen_saver" */;
			compatibilityVersion = "Xcode 8.0";
			developmentRegion = en;
			hasScannedForEncodings = 0;
			knownRegions = (
				en,
			);
			mainGroup = D9FA7145225CD62F007A43AB;
			productRefGroup = D9FA7150225CD62F007A43AB /* Products */;
			projectDirPath = "";
			projectRoot = "";
			targets = (
				D9FA714E225CD62F007A43AB /* Alex's_Screen_saver */,
			);
		};
/* End PBXProject section */

/* Begin PBXResourcesBuildPhase section */
		D9FA714D225CD62F007A43AB /* Resources */ = {
			isa = PBXResourcesBuildPhase;
			buildActionMask = 2147483647;
			files = (
			);
			runOnlyForDeploymentPostprocessing = 0;
		};
/* End PBXResourcesBuildPhase section */

/* Begin PBXSourcesBuildPhase section */
		D9FA714A225CD62F007A43AB /* Sources */ = {
			isa = PBXSourcesBuildPhase;
			buildActionMask = 2147483647;
			files = (
				D9FA7155225CD62F007A43AB /* Alex_s_Screen_saverView.m in Sources */,
			);
			runOnlyForDeploymentPostprocessing = 0;
		};
/* End PBXSourcesBuildPhase section */

/* Begin XCBuildConfiguration section */
		D9FA7157225CD62F007A43AB /* Debug */ = {
			isa = XCBuildConfiguration;
			buildSettings = {
				ALWAYS_SEARCH_USER_PATHS = NO;
				CLANG_ANALYZER_NONNULL = YES;
				CLANG_ANALYZER_NUMBER_OBJECT_CONVERSION = YES_AGGRESSIVE;
				CLANG_CXX_LANGUAGE_STANDARD = "gnu++14";
				CLANG_CXX_LIBRARY = "libc++";
				CLANG_ENABLE_MODULES = YES;
				CLANG_ENABLE_OBJC_ARC = YES;
				CLANG_WARN_BLOCK_CAPTURE_AUTORELEASING = YES;
				CLANG_WARN_BOOL_CONVERSION = YES;
				CLANG_WARN_COMMA = YES;
				CLANG_WARN_CONSTANT_CONVERSION = YES;
				CLANG_WARN_DIRECT_OBJC_ISA_USAGE = YES_ERROR;
				CLANG_WARN_DOCUMENTATION_COMMENTS = YES;
				CLANG_WARN_EMPTY_BODY = YES;
				CLANG_WARN_ENUM_CONVERSION = YES;
				CLANG_WARN_INFINITE_RECURSION = YES;
				CLANG_WARN_INT_CONVERSION = YES;
				CLANG_WARN_NON_LITERAL_NULL_CONVERSION = YES;
				CLANG_WARN_OBJC_LITERAL_CONVERSION = YES;
				CLANG_WARN_OBJC_ROOT_CLASS = YES_ERROR;
				CLANG_WARN_RANGE_LOOP_ANALYSIS = YES;
				CLANG_WARN_STRICT_PROTOTYPES = YES;
				CLANG_WARN_SUSPICIOUS_MOVE = YES;
				CLANG_WARN_UNGUARDED_AVAILABILITY = YES_AGGRESSIVE;
				CLANG_WARN_UNREACHABLE_CODE = YES;
				CLANG_WARN__DUPLICATE_METHOD_MATCH = YES;
				CODE_SIGN_IDENTITY = "-";
				COPY_PHASE_STRIP = NO;
				DEBUG_INFORMATION_FORMAT = dwarf;
				ENABLE_STRICT_OBJC_MSGSEND = YES;
				ENABLE_TESTABILITY = YES;
				GCC_C_LANGUAGE_STANDARD = gnu11;
				GCC_DYNAMIC_NO_PIC = NO;
				GCC_NO_COMMON_BLOCKS = YES;
				GCC_OPTIMIZATION_LEVEL = 0;
				GCC_PREPROCESSOR_DEFINITIONS = (
					"DEBUG=1",
					"$(inherited)",
				);
				GCC_WARN_64_TO_32_BIT_CONVERSION = YES;
				GCC_WARN_ABOUT_RETURN_TYPE = YES_ERROR;
				GCC_WARN_UNDECLARED_SELECTOR = YES;
				GCC_WARN_UNINITIALIZED_AUTOS = YES_AGGRESSIVE;
				GCC_WARN_UNUSED_FUNCTION = YES;
				GCC_WARN_UNUSED_VARIABLE = YES;
				MACOSX_DEPLOYMENT_TARGET = 10.12;
				MTL_ENABLE_DEBUG_INFO = YES;
				ONLY_ACTIVE_ARCH = YES;
				SDKROOT = macosx;
			};
			name = Debug;
		};
		D9FA7158225CD62F007A43AB /* Release */ = {
			isa = XCBuildConfiguration;
			buildSettings = {
				ALWAYS_SEARCH_USER_PATHS = NO;
				CLANG_ANALYZER_NONNULL = YES;
				CLANG_ANALYZER_NUMBER_OBJECT_CONVERSION = YES_AGGRESSIVE;
				CLANG_CXX_LANGUAGE_STANDARD = "gnu++14";
				CLANG_CXX_LIBRARY = "libc++";
				CLANG_ENABLE_MODULES = YES;
				CLANG_ENABLE_OBJC_ARC = YES;
				CLANG_WARN_BLOCK_CAPTURE_AUTORELEASING = YES;
				CLANG_WARN_BOOL_CONVERSION = YES;
				CLANG_WARN_COMMA = YES;
				CLANG_WARN_CONSTANT_CONVERSION = YES;
				CLANG_WARN_DIRECT_OBJC_ISA_USAGE = YES_ERROR;
				CLANG_WARN_DOCUMENTATION_COMMENTS = YES;
				CLANG_WARN_EMPTY_BODY = YES;
				CLANG_WARN_ENUM_CONVERSION = YES;
				CLANG_WARN_INFINITE_RECURSION = YES;
				CLANG_WARN_INT_CONVERSION = YES;
				CLANG_WARN_NON_LITERAL_NULL_CONVERSION = YES;
				CLANG_WARN_OBJC_LITERAL_CONVERSION = YES;
				CLANG_WARN_OBJC_ROOT_CLASS = YES_ERROR;
				CLANG_WARN_RANGE_LOOP_ANALYSIS = YES;
				CLANG_WARN_STRICT_PROTOTYPES = YES;
				CLANG_WARN_SUSPICIOUS_MOVE = YES;
				CLANG_WARN_UNGUARDED_AVAILABILITY = YES_AGGRESSIVE;
				CLANG_WARN_UNREACHABLE_CODE = YES;
				CLANG_WARN__DUPLICATE_METHOD_MATCH = YES;
				CODE_SIGN_IDENTITY = "-";
				COPY_PHASE_STRIP = NO;
				DEBUG_INFORMATION_FORMAT = "dwarf-with-dsym";
				ENABLE_NS_ASSERTIONS = NO;
				ENABLE_STRICT_OBJC_MSGSEND = YES;
				GCC_C_LANGUAGE_STANDARD = gnu11;
				GCC_NO_COMMON_BLOCKS = YES;
				GCC_WARN_64_TO_32_BIT_CONVERSION = YES;
				GCC_WARN_ABOUT_RETURN_TYPE = YES_ERROR;
				GCC_WARN_UNDECLARED_SELECTOR = YES;
				GCC_WARN_UNINITIALIZED_AUTOS = YES_AGGRESSIVE;
				GCC_WARN_UNUSED_FUNCTION = YES;
				GCC_WARN_UNUSED_VARIABLE = YES;
				MACOSX_DEPLOYMENT_TARGET = 10.12;
				MTL_ENABLE_DEBUG_INFO = NO;
				SDKROOT = macosx;
			};
			name = Release;
		};
		D9FA715A225CD62F007A43AB /* Debug */ = {
			isa = XCBuildConfiguration;
			buildSettings = {
				CODE_SIGN_STYLE = Automatic;
				COMBINE_HIDPI_IMAGES = YES;
				INFOPLIST_FILE = "Alex's_Screen_saver/Info.plist";
				INSTALL_PATH = "$(HOME)/Library/Screen Savers";
				PRODUCT_BUNDLE_IDENTIFIER = "com.popoff-dev.Alex-s-Screen-saver";
				PRODUCT_NAME = "$(TARGET_NAME)";
				WRAPPER_EXTENSION = saver;
			};
			name = Debug;
		};
		D9FA715B225CD62F007A43AB /* Release */ = {
			isa = XCBuildConfiguration;
			buildSettings = {
				CODE_SIGN_STYLE = Automatic;
				COMBINE_HIDPI_IMAGES = YES;
				INFOPLIST_FILE = "Alex's_Screen_saver/Info.plist";
				INSTALL_PATH = "$(HOME)/Library/Screen Savers";
				PRODUCT_BUNDLE_IDENTIFIER = "com.popoff-dev.Alex-s-Screen-saver";
				PRODUCT_NAME = "$(TARGET_NAME)";
				WRAPPER_EXTENSION = saver;
			};
			name = Release;
		};
/* End XCBuildConfiguration section */

/* Begin XCConfigurationList section */
		D9FA7149225CD62F007A43AB /* Build configuration list for PBXProject "Alex's_Screen_saver" */ = {
			isa = XCConfigurationList;
			buildConfigurations = (
				D9FA7157225CD62F007A43AB /* Debug */,
				D9FA7158225CD62F007A43AB /* Release */,
			);
			defaultConfigurationIsVisible = 0;
			defaultConfigurationName = Release;
		};
		D9FA7159225CD62F007A43AB /* Build configuration list for PBXNativeTarget "Alex's_Screen_saver" */ = {
			isa = XCConfigurationList;
			buildConfigurations = (
				D9FA715A225CD62F007A43AB /* Debug */,
				D9FA715B225CD62F007A43AB /* Release */,
			);
			defaultConfigurationIsVisible = 0;
			defaultConfigurationName = Release;
		};
/* End XCConfigurationList section */
	};
	rootObject = D9FA7146225CD62F007A43AB /* Project object */;
}
